
Microsoft Visual Studio Solution File, Format Version 12.00
# Visual Studio Version 16
VisualStudioVersion = 16.0.32630.194
MinimumVisualStudioVersion = 10.0.40219.1
Project("{8BC9CEB8-8B4A-11D0-8D11-00A0C91BC942}") = "Rabbit", "Rabbit\Rabbit.vcxproj", "{75872651-E5C8-474E-9161-4FAA4C790BFB}"
EndProject
Global
	GlobalSection(SolutionConfigurationPlatforms) = preSolution
		Debug|x64 = Debug|x64
		Debug|x86 = Debug|x86
		Release|x64 = Release|x64
		Release|x86 = Release|x86
	EndGlobalSection
	GlobalSection(ProjectConfigurationPlatforms) = postSolution
		{75872651-E5C8-474E-9161-4FAA4C790BFB}.Debug|x64.ActiveCfg = Debug|x64
		{75872651-E5C8-474E-9161-4FAA4C790BFB}.Debug|x64.Build.0 = Debug|x64
		{75872651-E5C8-474E-9161-4FAA4C790BFB}.Debug|x86.ActiveCfg = Debug|Win32
		{75872651-E5C8-474E-9161-4FAA4C790BFB}.Debug|x86.Build.0 = Debug|Win32
		{75872651-E5C8-474E-9161-4FAA4C790BFB}.Release|x64.ActiveCfg = Release|x64
		{75872651-E5C8-474E-9161-4FAA4C790BFB}.Release|x64.Build.0 = Release|x64
		{75872651-E5C8-474E-9161-4FAA4C790BFB}.Release|x86.ActiveCfg = Release|Win32
		{75872651-E5C8-474E-9161-4FAA4C790BFB}.Release|x86.Build.0 = Release|Win32
	EndGlobalSection
	GlobalSection(SolutionProperties) = preSolution
		HideSolutionNode = FALSE
	EndGlobalSection
	GlobalSection(ExtensibilityGlobals) = postSolution
		SolutionGuid = {B38199D9-2047-4B1D-B0A5-D56DC5315771}
	EndGlobalSection
EndGlobal
